
Microsoft Visual Studio Solution File, Format Version 12.00
# Visual Studio Version 16
VisualStudioVersion = 16.0.30907.101
MinimumVisualStudioVersion = 10.0.40219.1
Project("{9A19103F-16F7-4668-BE54-9A1E7A4F7556}") = "AnagramProgram", "AnagramProgram\AnagramProgram.csproj", "{8F5558E2-7343-488F-9A55-03563AF1202E}"
EndProject
Project("{9A19103F-16F7-4668-BE54-9A1E7A4F7556}") = "AnagramLibrary", "AnagramLibrary\AnagramLibrary.csproj", "{510866AB-5C5B-488C-B561-705DAAAFB312}"
EndProject
Project("{9A19103F-16F7-4668-BE54-9A1E7A4F7556}") = "AnagramTest", "AnagramTest\AnagramTest.csproj", "{E0E5C8BC-03FE-488E-B138-3B6F3AC43F3B}"
EndProject
Global
	GlobalSection(SolutionConfigurationPlatforms) = preSolution
		Debug|Any CPU = Debug|Any CPU
		Release|Any CPU = Release|Any CPU
	EndGlobalSection
	GlobalSection(ProjectConfigurationPlatforms) = postSolution
		{8F5558E2-7343-488F-9A55-03563AF1202E}.Debug|Any CPU.ActiveCfg = Debug|Any CPU
		{8F5558E2-7343-488F-9A55-03563AF1202E}.Debug|Any CPU.Build.0 = Debug|Any CPU
		{8F5558E2-7343-488F-9A55-03563AF1202E}.Release|Any CPU.ActiveCfg = Release|Any CPU
		{8F5558E2-7343-488F-9A55-03563AF1202E}.Release|Any CPU.Build.0 = Release|Any CPU
		{510866AB-5C5B-488C-B561-705DAAAFB312}.Debug|Any CPU.ActiveCfg = Debug|Any CPU
		{510866AB-5C5B-488C-B561-705DAAAFB312}.Debug|Any CPU.Build.0 = Debug|Any CPU
		{510866AB-5C5B-488C-B561-705DAAAFB312}.Release|Any CPU.ActiveCfg = Release|Any CPU
		{510866AB-5C5B-488C-B561-705DAAAFB312}.Release|Any CPU.Build.0 = Release|Any CPU
		{E0E5C8BC-03FE-488E-B138-3B6F3AC43F3B}.Debug|Any CPU.ActiveCfg = Debug|Any CPU
		{E0E5C8BC-03FE-488E-B138-3B6F3AC43F3B}.Debug|Any CPU.Build.0 = Debug|Any CPU
		{E0E5C8BC-03FE-488E-B138-3B6F3AC43F3B}.Release|Any CPU.ActiveCfg = Release|Any CPU
		{E0E5C8BC-03FE-488E-B138-3B6F3AC43F3B}.Release|Any CPU.Build.0 = Release|Any CPU
	EndGlobalSection
	GlobalSection(SolutionProperties) = preSolution
		HideSolutionNode = FALSE
	EndGlobalSection
	GlobalSection(ExtensibilityGlobals) = postSolution
		SolutionGuid = {0D781C4F-E35C-4694-AD65-C62B1DE5E4CD}
	EndGlobalSection
EndGlobal
